
Microsoft Visual Studio Solution File, Format Version 12.00
# Visual Studio Version 16
VisualStudioVersion = 16.0.31911.196
MinimumVisualStudioVersion = 10.0.40219.1
Project("{FAE04EC0-301F-11D3-BF4B-00C04F79EFBC}") = "13132-egzamin-z-asp.net", "13132-egzamin-z-asp.net.csproj", "{70E7BD5A-749E-4548-92E2-50195BAAD37F}"
EndProject
Global
	GlobalSection(SolutionConfigurationPlatforms) = preSolution
		Debug|Any CPU = Debug|Any CPU
		Release|Any CPU = Release|Any CPU
	EndGlobalSection
	GlobalSection(ProjectConfigurationPlatforms) = postSolution
		{70E7BD5A-749E-4548-92E2-50195BAAD37F}.Debug|Any CPU.ActiveCfg = Debug|Any CPU
		{70E7BD5A-749E-4548-92E2-50195BAAD37F}.Debug|Any CPU.Build.0 = Debug|Any CPU
		{70E7BD5A-749E-4548-92E2-50195BAAD37F}.Release|Any CPU.ActiveCfg = Release|Any CPU
		{70E7BD5A-749E-4548-92E2-50195BAAD37F}.Release|Any CPU.Build.0 = Release|Any CPU
	EndGlobalSection
	GlobalSection(SolutionProperties) = preSolution
		HideSolutionNode = FALSE
	EndGlobalSection
	GlobalSection(ExtensibilityGlobals) = postSolution
		SolutionGuid = {FC693950-0C56-4562-A3F3-85A2B90E1B09}
	EndGlobalSection
EndGlobal
